// !$*UTF8*$!
{
	archiveVersion = 1;
	classes = {
	};
	objectVersion = 56;
	objects = {

/* Begin PBXBuildFile section */
		DFA6E65E2C00879A0040A377 /* AutoScrollableSectionedScrollViewApp.swift in Sources */ = {isa = PBXBuildFile; fileRef = DFA6E65D2C00879A0040A377 /* AutoScrollableSectionedScrollViewApp.swift */; };
		DFA6E6602C00879A0040A377 /* ContentView.swift in Sources */ = {isa = PBXBuildFile; fileRef = DFA6E65F2C00879A0040A377 /* ContentView.swift */; };
		DFA6E6622C00879B0040A377 /* Assets.xcassets in Resources */ = {isa = PBXBuildFile; fileRef = DFA6E6612C00879B0040A377 /* Assets.xcassets */; };
		DFA6E6652C00879B0040A377 /* Preview Assets.xcassets in Resources */ = {isa = PBXBuildFile; fileRef = DFA6E6642C00879B0040A377 /* Preview Assets.xcassets */; };
		DFA6E66C2C0089CE0040A377 /* SectionIndex.swift in Sources */ = {isa = PBXBuildFile; fileRef = DFA6E66B2C0089CE0040A377 /* SectionIndex.swift */; };
		DFA6E66E2C008A440040A377 /* IndexListView.swift in Sources */ = {isa = PBXBuildFile; fileRef = DFA6E66D2C008A440040A377 /* IndexListView.swift */; };
		DFA6E6722C008E950040A377 /* BottomOffsetKey.swift in Sources */ = {isa = PBXBuildFile; fileRef = DFA6E6712C008E950040A377 /* BottomOffsetKey.swift */; };
		DFA6E6742C008F200040A377 /* View+Extensions.swift in Sources */ = {isa = PBXBuildFile; fileRef = DFA6E6732C008F200040A377 /* View+Extensions.swift */; };
/* End PBXBuildFile section */

/* Begin PBXFileReference section */
		DFA6E65A2C00879A0040A377 /* AutoScrollableSectionedScrollView.app */ = {isa = PBXFileReference; explicitFileType = wrapper.application; includeInIndex = 0; path = AutoScrollableSectionedScrollView.app; sourceTree = BUILT_PRODUCTS_DIR; };
		DFA6E65D2C00879A0040A377 /* AutoScrollableSectionedScrollViewApp.swift */ = {isa = PBXFileReference; lastKnownFileType = sourcecode.swift; path = AutoScrollableSectionedScrollViewApp.swift; sourceTree = "<group>"; };
		DFA6E65F2C00879A0040A377 /* ContentView.swift */ = {isa = PBXFileReference; lastKnownFileType = sourcecode.swift; path = ContentView.swift; sourceTree = "<group>"; };
		DFA6E6612C00879B0040A377 /* Assets.xcassets */ = {isa = PBXFileReference; lastKnownFileType = folder.assetcatalog; path = Assets.xcassets; sourceTree = "<group>"; };
		DFA6E6642C00879B0040A377 /* Preview Assets.xcassets */ = {isa = PBXFileReference; lastKnownFileType = folder.assetcatalog; path = "Preview Assets.xcassets"; sourceTree = "<group>"; };
		DFA6E66B2C0089CE0040A377 /* SectionIndex.swift */ = {isa = PBXFileReference; lastKnownFileType = sourcecode.swift; path = SectionIndex.swift; sourceTree = "<group>"; };
		DFA6E66D2C008A440040A377 /* IndexListView.swift */ = {isa = PBXFileReference; lastKnownFileType = sourcecode.swift; path = IndexListView.swift; sourceTree = "<group>"; };
		DFA6E6712C008E950040A377 /* BottomOffsetKey.swift */ = {isa = PBXFileReference; lastKnownFileType = sourcecode.swift; path = BottomOffsetKey.swift; sourceTree = "<group>"; };
		DFA6E6732C008F200040A377 /* View+Extensions.swift */ = {isa = PBXFileReference; lastKnownFileType = sourcecode.swift; path = "View+Extensions.swift"; sourceTree = "<group>"; };
/* End PBXFileReference section */

/* Begin PBXFrameworksBuildPhase section */
		DFA6E6572C00879A0040A377 /* Frameworks */ = {
			isa = PBXFrameworksBuildPhase;
			buildActionMask = 2147483647;
			files = (
			);
			runOnlyForDeploymentPostprocessing = 0;
		};
/* End PBXFrameworksBuildPhase section */

/* Begin PBXGroup section */
		DFA6E6512C00879A0040A377 = {
			isa = PBXGroup;
			children = (
				DFA6E65C2C00879A0040A377 /* AutoScrollableSectionedScrollView */,
				DFA6E65B2C00879A0040A377 /* Products */,
			);
			sourceTree = "<group>";
		};
		DFA6E65B2C00879A0040A377 /* Products */ = {
			isa = PBXGroup;
			children = (
				DFA6E65A2C00879A0040A377 /* AutoScrollableSectionedScrollView.app */,
			);
			name = Products;
			sourceTree = "<group>";
		};
		DFA6E65C2C00879A0040A377 /* AutoScrollableSectionedScrollView */ = {
			isa = PBXGroup;
			children = (
				DFA6E65D2C00879A0040A377 /* AutoScrollableSectionedScrollViewApp.swift */,
				DFA6E65F2C00879A0040A377 /* ContentView.swift */,
				DFA6E66D2C008A440040A377 /* IndexListView.swift */,
				DFA6E66B2C0089CE0040A377 /* SectionIndex.swift */,
				DFA6E6712C008E950040A377 /* BottomOffsetKey.swift */,
				DFA6E6732C008F200040A377 /* View+Extensions.swift */,
				DFA6E6612C00879B0040A377 /* Assets.xcassets */,
				DFA6E6632C00879B0040A377 /* Preview Content */,
			);
			path = AutoScrollableSectionedScrollView;
			sourceTree = "<group>";
		};
		DFA6E6632C00879B0040A377 /* Preview Content */ = {
			isa = PBXGroup;
			children = (
				DFA6E6642C00879B0040A377 /* Preview Assets.xcassets */,
			);
			path = "Preview Content";
			sourceTree = "<group>";
		};
/* End PBXGroup section */

/* Begin PBXNativeTarget section */
		DFA6E6592C00879A0040A377 /* AutoScrollableSectionedScrollView */ = {
			isa = PBXNativeTarget;
			buildConfigurationList = DFA6E6682C00879B0040A377 /* Build configuration list for PBXNativeTarget "AutoScrollableSectionedScrollView" */;
			buildPhases = (
				DFA6E6562C00879A0040A377 /* Sources */,
				DFA6E6572C00879A0040A377 /* Frameworks */,
				DFA6E6582C00879A0040A377 /* Resources */,
			);
			buildRules = (
			);
			dependencies = (
			);
			name = AutoScrollableSectionedScrollView;
			productName = AutoScrollableSectionedScrollView;
			productReference = DFA6E65A2C00879A0040A377 /* AutoScrollableSectionedScrollView.app */;
			productType = "com.apple.product-type.application";
		};
/* End PBXNativeTarget section */

/* Begin PBXProject section */
		DFA6E6522C00879A0040A377 /* Project object */ = {
			isa = PBXProject;
			attributes = {
				BuildIndependentTargetsInParallel = 1;
				LastSwiftUpdateCheck = 1540;
				LastUpgradeCheck = 1540;
				TargetAttributes = {
					DFA6E6592C00879A0040A377 = {
						CreatedOnToolsVersion = 15.4;
					};
				};
			};
			buildConfigurationList = DFA6E6552C00879A0040A377 /* Build configuration list for PBXProject "AutoScrollableSectionedScrollView" */;
			compatibilityVersion = "Xcode 14.0";
			developmentRegion = en;
			hasScannedForEncodings = 0;
			knownRegions = (
				en,
				Base,
			);
			mainGroup = DFA6E6512C00879A0040A377;
			productRefGroup = DFA6E65B2C00879A0040A377 /* Products */;
			projectDirPath = "";
			projectRoot = "";
			targets = (
				DFA6E6592C00879A0040A377 /* AutoScrollableSectionedScrollView */,
			);
		};
/* End PBXProject section */

/* Begin PBXResourcesBuildPhase section */
		DFA6E6582C00879A0040A377 /* Resources */ = {
			isa = PBXResourcesBuildPhase;
			buildActionMask = 2147483647;
			files = (
				DFA6E6652C00879B0040A377 /* Preview Assets.xcassets in Resources */,
				DFA6E6622C00879B0040A377 /* Assets.xcassets in Resources */,
			);
			runOnlyForDeploymentPostprocessing = 0;
		};
/* End PBXResourcesBuildPhase section */

/* Begin PBXSourcesBuildPhase section */
		DFA6E6562C00879A0040A377 /* Sources */ = {
			isa = PBXSourcesBuildPhase;
			buildActionMask = 2147483647;
			files = (
				DFA6E6602C00879A0040A377 /* ContentView.swift in Sources */,
				DFA6E6722C008E950040A377 /* BottomOffsetKey.swift in Sources */,
				DFA6E66E2C008A440040A377 /* IndexListView.swift in Sources */,
				DFA6E65E2C00879A0040A377 /* AutoScrollableSectionedScrollViewApp.swift in Sources */,
				DFA6E6742C008F200040A377 /* View+Extensions.swift in Sources */,
				DFA6E66C2C0089CE0040A377 /* SectionIndex.swift in Sources */,
			);
			runOnlyForDeploymentPostprocessing = 0;
		};
/* End PBXSourcesBuildPhase section */

/* Begin XCBuildConfiguration section */
		DFA6E6662C00879B0040A377 /* Debug */ = {
			isa = XCBuildConfiguration;
			buildSettings = {
				ALWAYS_SEARCH_USER_PATHS = NO;
				ASSETCATALOG_COMPILER_GENERATE_SWIFT_ASSET_SYMBOL_EXTENSIONS = YES;
				CLANG_ANALYZER_NONNULL = YES;
				CLANG_ANALYZER_NUMBER_OBJECT_CONVERSION = YES_AGGRESSIVE;
				CLANG_CXX_LANGUAGE_STANDARD = "gnu++20";
				CLANG_ENABLE_MODULES = YES;
				CLANG_ENABLE_OBJC_ARC = YES;
				CLANG_ENABLE_OBJC_WEAK = YES;
				CLANG_WARN_BLOCK_CAPTURE_AUTORELEASING = YES;
				CLANG_WARN_BOOL_CONVERSION = YES;
				CLANG_WARN_COMMA = YES;
				CLANG_WARN_CONSTANT_CONVERSION = YES;
				CLANG_WARN_DEPRECATED_OBJC_IMPLEMENTATIONS = YES;
				CLANG_WARN_DIRECT_OBJC_ISA_USAGE = YES_ERROR;
				CLANG_WARN_DOCUMENTATION_COMMENTS = YES;
				CLANG_WARN_EMPTY_BODY = YES;
				CLANG_WARN_ENUM_CONVERSION = YES;
				CLANG_WARN_INFINITE_RECURSION = YES;
				CLANG_WARN_INT_CONVERSION = YES;
				CLANG_WARN_NON_LITERAL_NULL_CONVERSION = YES;
				CLANG_WARN_OBJC_IMPLICIT_RETAIN_SELF = YES;
				CLANG_WARN_OBJC_LITERAL_CONVERSION = YES;
				CLANG_WARN_OBJC_ROOT_CLASS = YES_ERROR;
				CLANG_WARN_QUOTED_INCLUDE_IN_FRAMEWORK_HEADER = YES;
				CLANG_WARN_RANGE_LOOP_ANALYSIS = YES;
				CLANG_WARN_STRICT_PROTOTYPES = YES;
				CLANG_WARN_SUSPICIOUS_MOVE = YES;
				CLANG_WARN_UNGUARDED_AVAILABILITY = YES_AGGRESSIVE;
				CLANG_WARN_UNREACHABLE_CODE = YES;
				CLANG_WARN__DUPLICATE_METHOD_MATCH = YES;
				COPY_PHASE_STRIP = NO;
				DEBUG_INFORMATION_FORMAT = dwarf;
				ENABLE_STRICT_OBJC_MSGSEND = YES;
				ENABLE_TESTABILITY = YES;
				ENABLE_USER_SCRIPT_SANDBOXING = YES;
				GCC_C_LANGUAGE_STANDARD = gnu17;
				GCC_DYNAMIC_NO_PIC = NO;
				GCC_NO_COMMON_BLOCKS = YES;
				GCC_OPTIMIZATION_LEVEL = 0;
				GCC_PREPROCESSOR_DEFINITIONS = (
					"DEBUG=1",
					"$(inherited)",
				);
				GCC_WARN_64_TO_32_BIT_CONVERSION = YES;
				GCC_WARN_ABOUT_RETURN_TYPE = YES_ERROR;
				GCC_WARN_UNDECLARED_SELECTOR = YES;
				GCC_WARN_UNINITIALIZED_AUTOS = YES_AGGRESSIVE;
				GCC_WARN_UNUSED_FUNCTION = YES;
				GCC_WARN_UNUSED_VARIABLE = YES;
				IPHONEOS_DEPLOYMENT_TARGET = 17.5;
				LOCALIZATION_PREFERS_STRING_CATALOGS = YES;
				MTL_ENABLE_DEBUG_INFO = INCLUDE_SOURCE;
				MTL_FAST_MATH = YES;
				ONLY_ACTIVE_ARCH = YES;
				SDKROOT = iphoneos;
				SWIFT_ACTIVE_COMPILATION_CONDITIONS = "DEBUG $(inherited)";
				SWIFT_OPTIMIZATION_LEVEL = "-Onone";
			};
			name = Debug;
		};
		DFA6E6672C00879B0040A377 /* Release */ = {
			isa = XCBuildConfiguration;
			buildSettings = {
				ALWAYS_SEARCH_USER_PATHS = NO;
				ASSETCATALOG_COMPILER_GENERATE_SWIFT_ASSET_SYMBOL_EXTENSIONS = YES;
				CLANG_ANALYZER_NONNULL = YES;
				CLANG_ANALYZER_NUMBER_OBJECT_CONVERSION = YES_AGGRESSIVE;
				CLANG_CXX_LANGUAGE_STANDARD = "gnu++20";
				CLANG_ENABLE_MODULES = YES;
				CLANG_ENABLE_OBJC_ARC = YES;
				CLANG_ENABLE_OBJC_WEAK = YES;
				CLANG_WARN_BLOCK_CAPTURE_AUTORELEASING = YES;
				CLANG_WARN_BOOL_CONVERSION = YES;
				CLANG_WARN_COMMA = YES;
				CLANG_WARN_CONSTANT_CONVERSION = YES;
				CLANG_WARN_DEPRECATED_OBJC_IMPLEMENTATIONS = YES;
				CLANG_WARN_DIRECT_OBJC_ISA_USAGE = YES_ERROR;
				CLANG_WARN_DOCUMENTATION_COMMENTS = YES;
				CLANG_WARN_EMPTY_BODY = YES;
				CLANG_WARN_ENUM_CONVERSION = YES;
				CLANG_WARN_INFINITE_RECURSION = YES;
				CLANG_WARN_INT_CONVERSION = YES;
				CLANG_WARN_NON_LITERAL_NULL_CONVERSION = YES;
				CLANG_WARN_OBJC_IMPLICIT_RETAIN_SELF = YES;
				CLANG_WARN_OBJC_LITERAL_CONVERSION = YES;
				CLANG_WARN_OBJC_ROOT_CLASS = YES_ERROR;
				CLANG_WARN_QUOTED_INCLUDE_IN_FRAMEWORK_HEADER = YES;
				CLANG_WARN_RANGE_LOOP_ANALYSIS = YES;
				CLANG_WARN_STRICT_PROTOTYPES = YES;
				CLANG_WARN_SUSPICIOUS_MOVE = YES;
				CLANG_WARN_UNGUARDED_AVAILABILITY = YES_AGGRESSIVE;
				CLANG_WARN_UNREACHABLE_CODE = YES;
				CLANG_WARN__DUPLICATE_METHOD_MATCH = YES;
				COPY_PHASE_STRIP = NO;
				DEBUG_INFORMATION_FORMAT = "dwarf-with-dsym";
				ENABLE_NS_ASSERTIONS = NO;
				ENABLE_STRICT_OBJC_MSGSEND = YES;
				ENABLE_USER_SCRIPT_SANDBOXING = YES;
				GCC_C_LANGUAGE_STANDARD = gnu17;
				GCC_NO_COMMON_BLOCKS = YES;
				GCC_WARN_64_TO_32_BIT_CONVERSION = YES;
				GCC_WARN_ABOUT_RETURN_TYPE = YES_ERROR;
				GCC_WARN_UNDECLARED_SELECTOR = YES;
				GCC_WARN_UNINITIALIZED_AUTOS = YES_AGGRESSIVE;
				GCC_WARN_UNUSED_FUNCTION = YES;
				GCC_WARN_UNUSED_VARIABLE = YES;
				IPHONEOS_DEPLOYMENT_TARGET = 17.5;
				LOCALIZATION_PREFERS_STRING_CATALOGS = YES;
				MTL_ENABLE_DEBUG_INFO = NO;
				MTL_FAST_MATH = YES;
				SDKROOT = iphoneos;
				SWIFT_COMPILATION_MODE = wholemodule;
				VALIDATE_PRODUCT = YES;
			};
			name = Release;
		};
		DFA6E6692C00879B0040A377 /* Debug */ = {
			isa = XCBuildConfiguration;
			buildSettings = {
				ASSETCATALOG_COMPILER_APPICON_NAME = AppIcon;
				ASSETCATALOG_COMPILER_GLOBAL_ACCENT_COLOR_NAME = AccentColor;
				CODE_SIGN_STYLE = Automatic;
				CURRENT_PROJECT_VERSION = 1;
				DEVELOPMENT_ASSET_PATHS = "\"AutoScrollableSectionedScrollView/Preview Content\"";
				DEVELOPMENT_TEAM = 3P3D5394KZ;
				ENABLE_PREVIEWS = YES;
				GENERATE_INFOPLIST_FILE = YES;
				INFOPLIST_KEY_UIApplicationSceneManifest_Generation = YES;
				INFOPLIST_KEY_UIApplicationSupportsIndirectInputEvents = YES;
				INFOPLIST_KEY_UILaunchScreen_Generation = YES;
				INFOPLIST_KEY_UISupportedInterfaceOrientations_iPad = "UIInterfaceOrientationPortrait UIInterfaceOrientationPortraitUpsideDown UIInterfaceOrientationLandscapeLeft UIInterfaceOrientationLandscapeRight";
				INFOPLIST_KEY_UISupportedInterfaceOrientations_iPhone = "UIInterfaceOrientationPortrait UIInterfaceOrientationLandscapeLeft UIInterfaceOrientationLandscapeRight";
				IPHONEOS_DEPLOYMENT_TARGET = 17.0;
				LD_RUNPATH_SEARCH_PATHS = (
					"$(inherited)",
					"@executable_path/Frameworks",
				);
				MARKETING_VERSION = 1.0;
				PRODUCT_BUNDLE_IDENTIFIER = com.juanjocorbalan.AutoScrollableSectionedScrollView;
				PRODUCT_NAME = "$(TARGET_NAME)";
				SUPPORTED_PLATFORMS = "iphoneos iphonesimulator";
				SUPPORTS_MACCATALYST = NO;
				SUPPORTS_MAC_DESIGNED_FOR_IPHONE_IPAD = NO;
				SUPPORTS_XR_DESIGNED_FOR_IPHONE_IPAD = NO;
				SWIFT_EMIT_LOC_STRINGS = YES;
				SWIFT_VERSION = 5.0;
				TARGETED_DEVICE_FAMILY = "1,2";
			};
			name = Debug;
		};
		DFA6E66A2C00879B0040A377 /* Release */ = {
			isa = XCBuildConfiguration;
			buildSettings = {
				ASSETCATALOG_COMPILER_APPICON_NAME = AppIcon;
				ASSETCATALOG_COMPILER_GLOBAL_ACCENT_COLOR_NAME = AccentColor;
				CODE_SIGN_STYLE = Automatic;
				CURRENT_PROJECT_VERSION = 1;
				DEVELOPMENT_ASSET_PATHS = "\"AutoScrollableSectionedScrollView/Preview Content\"";
				DEVELOPMENT_TEAM = 3P3D5394KZ;
				ENABLE_PREVIEWS = YES;
				GENERATE_INFOPLIST_FILE = YES;
				INFOPLIST_KEY_UIApplicationSceneManifest_Generation = YES;
				INFOPLIST_KEY_UIApplicationSupportsIndirectInputEvents = YES;
				INFOPLIST_KEY_UILaunchScreen_Generation = YES;
				INFOPLIST_KEY_UISupportedInterfaceOrientations_iPad = "UIInterfaceOrientationPortrait UIInterfaceOrientationPortraitUpsideDown UIInterfaceOrientationLandscapeLeft UIInterfaceOrientationLandscapeRight";
				INFOPLIST_KEY_UISupportedInterfaceOrientations_iPhone = "UIInterfaceOrientationPortrait UIInterfaceOrientationLandscapeLeft UIInterfaceOrientationLandscapeRight";
				IPHONEOS_DEPLOYMENT_TARGET = 17.0;
				LD_RUNPATH_SEARCH_PATHS = (
					"$(inherited)",
					"@executable_path/Frameworks",
				);
				MARKETING_VERSION = 1.0;
				PRODUCT_BUNDLE_IDENTIFIER = com.juanjocorbalan.AutoScrollableSectionedScrollView;
				PRODUCT_NAME = "$(TARGET_NAME)";
				SUPPORTED_PLATFORMS = "iphoneos iphonesimulator";
				SUPPORTS_MACCATALYST = NO;
				SUPPORTS_MAC_DESIGNED_FOR_IPHONE_IPAD = NO;
				SUPPORTS_XR_DESIGNED_FOR_IPHONE_IPAD = NO;
				SWIFT_EMIT_LOC_STRINGS = YES;
				SWIFT_VERSION = 5.0;
				TARGETED_DEVICE_FAMILY = "1,2";
			};
			name = Release;
		};
/* End XCBuildConfiguration section */

/* Begin XCConfigurationList section */
		DFA6E6552C00879A0040A377 /* Build configuration list for PBXProject "AutoScrollableSectionedScrollView" */ = {
			isa = XCConfigurationList;
			buildConfigurations = (
				DFA6E6662C00879B0040A377 /* Debug */,
				DFA6E6672C00879B0040A377 /* Release */,
			);
			defaultConfigurationIsVisible = 0;
			defaultConfigurationName = Release;
		};
		DFA6E6682C00879B0040A377 /* Build configuration list for PBXNativeTarget "AutoScrollableSectionedScrollView" */ = {
			isa = XCConfigurationList;
			buildConfigurations = (
				DFA6E6692C00879B0040A377 /* Debug */,
				DFA6E66A2C00879B0040A377 /* Release */,
			);
			defaultConfigurationIsVisible = 0;
			defaultConfigurationName = Release;
		};
/* End XCConfigurationList section */
	};
	rootObject = DFA6E6522C00879A0040A377 /* Project object */;
}
